
Microsoft Visual Studio Solution File, Format Version 12.00
# Visual Studio Version 16
VisualStudioVersion = 16.0.29503.13
MinimumVisualStudioVersion = 10.0.40219.1
Project("{FAE04EC0-301F-11D3-BF4B-00C04F79EFBC}") = "QuanLyKhachSan", "QuanLyKhachSan\QuanLyKhachSan.csproj", "{7C355982-167A-4E64-AB46-270742DD02F2}"
EndProject
Global
	GlobalSection(SolutionConfigurationPlatforms) = preSolution
		Debug|Any CPU = Debug|Any CPU
		Release|Any CPU = Release|Any CPU
	EndGlobalSection
	GlobalSection(ProjectConfigurationPlatforms) = postSolution
		{7C355982-167A-4E64-AB46-270742DD02F2}.Debug|Any CPU.ActiveCfg = Debug|Any CPU
		{7C355982-167A-4E64-AB46-270742DD02F2}.Debug|Any CPU.Build.0 = Debug|Any CPU
		{7C355982-167A-4E64-AB46-270742DD02F2}.Release|Any CPU.ActiveCfg = Release|Any CPU
		{7C355982-167A-4E64-AB46-270742DD02F2}.Release|Any CPU.Build.0 = Release|Any CPU
	EndGlobalSection
	GlobalSection(SolutionProperties) = preSolution
		HideSolutionNode = FALSE
	EndGlobalSection
	GlobalSection(ExtensibilityGlobals) = postSolution
		SolutionGuid = {13CDCC86-235E-4260-B550-03741A5EEAD0}
	EndGlobalSection
EndGlobal
